
Microsoft Visual Studio Solution File, Format Version 12.00
# Visual Studio 15
Project("{FAE04EC0-301F-11D3-BF4B-00C04F79EFBC}") = "sdkDllProject", "sdkDllProject.csproj", "{D6DE0926-AA40-8F3B-E99A-E8D9A81C3C81}"
EndProject
Global
	GlobalSection(SolutionConfigurationPlatforms) = preSolution
		Debug|Any CPU = Debug|Any CPU
		Release|Any CPU = Release|Any CPU
	EndGlobalSection
	GlobalSection(ProjectConfigurationPlatforms) = postSolution
		{D6DE0926-AA40-8F3B-E99A-E8D9A81C3C81}.Debug|Any CPU.ActiveCfg = Debug|Any CPU
		{D6DE0926-AA40-8F3B-E99A-E8D9A81C3C81}.Debug|Any CPU.Build.0 = Debug|Any CPU
		{D6DE0926-AA40-8F3B-E99A-E8D9A81C3C81}.Release|Any CPU.ActiveCfg = Release|Any CPU
		{D6DE0926-AA40-8F3B-E99A-E8D9A81C3C81}.Release|Any CPU.Build.0 = Release|Any CPU
	EndGlobalSection
	GlobalSection(SolutionProperties) = preSolution
		HideSolutionNode = FALSE
	EndGlobalSection
EndGlobal
